// !$*UTF8*$!
{
	archiveVersion = 1;
	classes = {
	};
	objectVersion = 46;
	objects = {

/* Begin PBXBuildFile section */
		429DA19D193630F90076A039 /* Foundation.framework in Frameworks */ = {isa = PBXBuildFile; fileRef = 429DA19C193630F90076A039 /* Foundation.framework */; };
		429DA19F193630F90076A039 /* CoreGraphics.framework in Frameworks */ = {isa = PBXBuildFile; fileRef = 429DA19E193630F90076A039 /* CoreGraphics.framework */; };
		429DA1A1193630F90076A039 /* UIKit.framework in Frameworks */ = {isa = PBXBuildFile; fileRef = 429DA1A0193630F90076A039 /* UIKit.framework */; };
		429DA1A7193630F90076A039 /* InfoPlist.strings in Resources */ = {isa = PBXBuildFile; fileRef = 429DA1A5193630F90076A039 /* InfoPlist.strings */; };
		429DA1A9193630F90076A039 /* main.m in Sources */ = {isa = PBXBuildFile; fileRef = 429DA1A8193630F90076A039 /* main.m */; };
		429DA1AD193630F90076A039 /* AppDelegate.m in Sources */ = {isa = PBXBuildFile; fileRef = 429DA1AC193630F90076A039 /* AppDelegate.m */; };
		429DA1B0193630F90076A039 /* Main.storyboard in Resources */ = {isa = PBXBuildFile; fileRef = 429DA1AE193630F90076A039 /* Main.storyboard */; };
		429DA1B3193630F90076A039 /* ViewController.m in Sources */ = {isa = PBXBuildFile; fileRef = 429DA1B2193630F90076A039 /* ViewController.m */; };
		429DA1B5193630F90076A039 /* Images.xcassets in Resources */ = {isa = PBXBuildFile; fileRef = 429DA1B4193630F90076A039 /* Images.xcassets */; };
		429DA1BC193630F90076A039 /* XCTest.framework in Frameworks */ = {isa = PBXBuildFile; fileRef = 429DA1BB193630F90076A039 /* XCTest.framework */; };
		429DA1BD193630F90076A039 /* Foundation.framework in Frameworks */ = {isa = PBXBuildFile; fileRef = 429DA19C193630F90076A039 /* Foundation.framework */; };
		429DA1BE193630F90076A039 /* UIKit.framework in Frameworks */ = {isa = PBXBuildFile; fileRef = 429DA1A0193630F90076A039 /* UIKit.framework */; };
		429DA1C6193630F90076A039 /* InfoPlist.strings in Resources */ = {isa = PBXBuildFile; fileRef = 429DA1C4193630F90076A039 /* InfoPlist.strings */; };
		429DA1C8193630F90076A039 /* testjenkinsTests.m in Sources */ = {isa = PBXBuildFile; fileRef = 429DA1C7193630F90076A039 /* testjenkinsTests.m */; };
/* End PBXBuildFile section */

/* Begin PBXContainerItemProxy section */
		429DA1BF193630F90076A039 /* PBXContainerItemProxy */ = {
			isa = PBXContainerItemProxy;
			containerPortal = 429DA191193630F90076A039 /* Project object */;
			proxyType = 1;
			remoteGlobalIDString = 429DA198193630F90076A039;
			remoteInfo = testjenkins;
		};
/* End PBXContainerItemProxy section */

/* Begin PBXFileReference section */
		429DA199193630F90076A039 /* testjenkins.app */ = {isa = PBXFileReference; explicitFileType = wrapper.application; includeInIndex = 0; path = testjenkins.app; sourceTree = BUILT_PRODUCTS_DIR; };
		429DA19C193630F90076A039 /* Foundation.framework */ = {isa = PBXFileReference; lastKnownFileType = wrapper.framework; name = Foundation.framework; path = System/Library/Frameworks/Foundation.framework; sourceTree = SDKROOT; };
		429DA19E193630F90076A039 /* CoreGraphics.framework */ = {isa = PBXFileReference; lastKnownFileType = wrapper.framework; name = CoreGraphics.framework; path = System/Library/Frameworks/CoreGraphics.framework; sourceTree = SDKROOT; };
		429DA1A0193630F90076A039 /* UIKit.framework */ = {isa = PBXFileReference; lastKnownFileType = wrapper.framework; name = UIKit.framework; path = System/Library/Frameworks/UIKit.framework; sourceTree = SDKROOT; };
		429DA1A4193630F90076A039 /* testjenkins-Info.plist */ = {isa = PBXFileReference; lastKnownFileType = text.plist.xml; path = "testjenkins-Info.plist"; sourceTree = "<group>"; };
		429DA1A6193630F90076A039 /* en */ = {isa = PBXFileReference; lastKnownFileType = text.plist.strings; name = en; path = en.lproj/InfoPlist.strings; sourceTree = "<group>"; };
		429DA1A8193630F90076A039 /* main.m */ = {isa = PBXFileReference; lastKnownFileType = sourcecode.c.objc; path = main.m; sourceTree = "<group>"; };
		429DA1AA193630F90076A039 /* testjenkins-Prefix.pch */ = {isa = PBXFileReference; lastKnownFileType = sourcecode.c.h; path = "testjenkins-Prefix.pch"; sourceTree = "<group>"; };
		429DA1AB193630F90076A039 /* AppDelegate.h */ = {isa = PBXFileReference; lastKnownFileType = sourcecode.c.h; path = AppDelegate.h; sourceTree = "<group>"; };
		429DA1AC193630F90076A039 /* AppDelegate.m */ = {isa = PBXFileReference; lastKnownFileType = sourcecode.c.objc; path = AppDelegate.m; sourceTree = "<group>"; };
		429DA1AF193630F90076A039 /* Base */ = {isa = PBXFileReference; lastKnownFileType = file.storyboard; name = Base; path = Base.lproj/Main.storyboard; sourceTree = "<group>"; };
		429DA1B1193630F90076A039 /* ViewController.h */ = {isa = PBXFileReference; lastKnownFileType = sourcecode.c.h; path = ViewController.h; sourceTree = "<group>"; };
		429DA1B2193630F90076A039 /* ViewController.m */ = {isa = PBXFileReference; lastKnownFileType = sourcecode.c.objc; path = ViewController.m; sourceTree = "<group>"; };
		429DA1B4193630F90076A039 /* Images.xcassets */ = {isa = PBXFileReference; lastKnownFileType = folder.assetcatalog; path = Images.xcassets; sourceTree = "<group>"; };
		429DA1BA193630F90076A039 /* testjenkinsTests.xctest */ = {isa = PBXFileReference; explicitFileType = wrapper.cfbundle; includeInIndex = 0; path = testjenkinsTests.xctest; sourceTree = BUILT_PRODUCTS_DIR; };
		429DA1BB193630F90076A039 /* XCTest.framework */ = {isa = PBXFileReference; lastKnownFileType = wrapper.framework; name = XCTest.framework; path = Library/Frameworks/XCTest.framework; sourceTree = DEVELOPER_DIR; };
		429DA1C3193630F90076A039 /* testjenkinsTests-Info.plist */ = {isa = PBXFileReference; lastKnownFileType = text.plist.xml; path = "testjenkinsTests-Info.plist"; sourceTree = "<group>"; };
		429DA1C5193630F90076A039 /* en */ = {isa = PBXFileReference; lastKnownFileType = text.plist.strings; name = en; path = en.lproj/InfoPlist.strings; sourceTree = "<group>"; };
		429DA1C7193630F90076A039 /* testjenkinsTests.m */ = {isa = PBXFileReference; lastKnownFileType = sourcecode.c.objc; path = testjenkinsTests.m; sourceTree = "<group>"; };
/* End PBXFileReference section */

/* Begin PBXFrameworksBuildPhase section */
		429DA196193630F90076A039 /* Frameworks */ = {
			isa = PBXFrameworksBuildPhase;
			buildActionMask = 2147483647;
			files = (
				429DA19F193630F90076A039 /* CoreGraphics.framework in Frameworks */,
				429DA1A1193630F90076A039 /* UIKit.framework in Frameworks */,
				429DA19D193630F90076A039 /* Foundation.framework in Frameworks */,
			);
			runOnlyForDeploymentPostprocessing = 0;
		};
		429DA1B7193630F90076A039 /* Frameworks */ = {
			isa = PBXFrameworksBuildPhase;
			buildActionMask = 2147483647;
			files = (
				429DA1BC193630F90076A039 /* XCTest.framework in Frameworks */,
				429DA1BE193630F90076A039 /* UIKit.framework in Frameworks */,
				429DA1BD193630F90076A039 /* Foundation.framework in Frameworks */,
			);
			runOnlyForDeploymentPostprocessing = 0;
		};
/* End PBXFrameworksBuildPhase section */

/* Begin PBXGroup section */
		429DA190193630F90076A039 = {
			isa = PBXGroup;
			children = (
				429DA1A2193630F90076A039 /* testjenkins */,
				429DA1C1193630F90076A039 /* testjenkinsTests */,
				429DA19B193630F90076A039 /* Frameworks */,
				429DA19A193630F90076A039 /* Products */,
			);
			sourceTree = "<group>";
		};
		429DA19A193630F90076A039 /* Products */ = {
			isa = PBXGroup;
			children = (
				429DA199193630F90076A039 /* testjenkins.app */,
				429DA1BA193630F90076A039 /* testjenkinsTests.xctest */,
			);
			name = Products;
			sourceTree = "<group>";
		};
		429DA19B193630F90076A039 /* Frameworks */ = {
			isa = PBXGroup;
			children = (
				429DA19C193630F90076A039 /* Foundation.framework */,
				429DA19E193630F90076A039 /* CoreGraphics.framework */,
				429DA1A0193630F90076A039 /* UIKit.framework */,
				429DA1BB193630F90076A039 /* XCTest.framework */,
			);
			name = Frameworks;
			sourceTree = "<group>";
		};
		429DA1A2193630F90076A039 /* testjenkins */ = {
			isa = PBXGroup;
			children = (
				429DA1AB193630F90076A039 /* AppDelegate.h */,
				429DA1AC193630F90076A039 /* AppDelegate.m */,
				429DA1AE193630F90076A039 /* Main.storyboard */,
				429DA1B1193630F90076A039 /* ViewController.h */,
				429DA1B2193630F90076A039 /* ViewController.m */,
				429DA1B4193630F90076A039 /* Images.xcassets */,
				429DA1A3193630F90076A039 /* Supporting Files */,
			);
			path = testjenkins;
			sourceTree = "<group>";
		};
		429DA1A3193630F90076A039 /* Supporting Files */ = {
			isa = PBXGroup;
			children = (
				429DA1A4193630F90076A039 /* testjenkins-Info.plist */,
				429DA1A5193630F90076A039 /* InfoPlist.strings */,
				429DA1A8193630F90076A039 /* main.m */,
				429DA1AA193630F90076A039 /* testjenkins-Prefix.pch */,
			);
			name = "Supporting Files";
			sourceTree = "<group>";
		};
		429DA1C1193630F90076A039 /* testjenkinsTests */ = {
			isa = PBXGroup;
			children = (
				429DA1C7193630F90076A039 /* testjenkinsTests.m */,
				429DA1C2193630F90076A039 /* Supporting Files */,
			);
			path = testjenkinsTests;
			sourceTree = "<group>";
		};
		429DA1C2193630F90076A039 /* Supporting Files */ = {
			isa = PBXGroup;
			children = (
				429DA1C3193630F90076A039 /* testjenkinsTests-Info.plist */,
				429DA1C4193630F90076A039 /* InfoPlist.strings */,
			);
			name = "Supporting Files";
			sourceTree = "<group>";
		};
/* End PBXGroup section */

/* Begin PBXNativeTarget section */
		429DA198193630F90076A039 /* testjenkins */ = {
			isa = PBXNativeTarget;
			buildConfigurationList = 429DA1CB193630F90076A039 /* Build configuration list for PBXNativeTarget "testjenkins" */;
			buildPhases = (
				429DA195193630F90076A039 /* Sources */,
				429DA196193630F90076A039 /* Frameworks */,
				429DA197193630F90076A039 /* Resources */,
			);
			buildRules = (
			);
			dependencies = (
			);
			name = testjenkins;
			productName = testjenkins;
			productReference = 429DA199193630F90076A039 /* testjenkins.app */;
			productType = "com.apple.product-type.application";
		};
		429DA1B9193630F90076A039 /* testjenkinsTests */ = {
			isa = PBXNativeTarget;
			buildConfigurationList = 429DA1CE193630F90076A039 /* Build configuration list for PBXNativeTarget "testjenkinsTests" */;
			buildPhases = (
				429DA1B6193630F90076A039 /* Sources */,
				429DA1B7193630F90076A039 /* Frameworks */,
				429DA1B8193630F90076A039 /* Resources */,
			);
			buildRules = (
			);
			dependencies = (
				429DA1C0193630F90076A039 /* PBXTargetDependency */,
			);
			name = testjenkinsTests;
			productName = testjenkinsTests;
			productReference = 429DA1BA193630F90076A039 /* testjenkinsTests.xctest */;
			productType = "com.apple.product-type.bundle.unit-test";
		};
/* End PBXNativeTarget section */

/* Begin PBXProject section */
		429DA191193630F90076A039 /* Project object */ = {
			isa = PBXProject;
			attributes = {
				LastUpgradeCheck = 0510;
				ORGANIZATIONNAME = "Juan Enrique";
				TargetAttributes = {
					429DA1B9193630F90076A039 = {
						TestTargetID = 429DA198193630F90076A039;
					};
				};
			};
			buildConfigurationList = 429DA194193630F90076A039 /* Build configuration list for PBXProject "testjenkins" */;
			compatibilityVersion = "Xcode 3.2";
			developmentRegion = English;
			hasScannedForEncodings = 0;
			knownRegions = (
				en,
				Base,
			);
			mainGroup = 429DA190193630F90076A039;
			productRefGroup = 429DA19A193630F90076A039 /* Products */;
			projectDirPath = "";
			projectRoot = "";
			targets = (
				429DA198193630F90076A039 /* testjenkins */,
				429DA1B9193630F90076A039 /* testjenkinsTests */,
			);
		};
/* End PBXProject section */

/* Begin PBXResourcesBuildPhase section */
		429DA197193630F90076A039 /* Resources */ = {
			isa = PBXResourcesBuildPhase;
			buildActionMask = 2147483647;
			files = (
				429DA1B5193630F90076A039 /* Images.xcassets in Resources */,
				429DA1A7193630F90076A039 /* InfoPlist.strings in Resources */,
				429DA1B0193630F90076A039 /* Main.storyboard in Resources */,
			);
			runOnlyForDeploymentPostprocessing = 0;
		};
		429DA1B8193630F90076A039 /* Resources */ = {
			isa = PBXResourcesBuildPhase;
			buildActionMask = 2147483647;
			files = (
				429DA1C6193630F90076A039 /* InfoPlist.strings in Resources */,
			);
			runOnlyForDeploymentPostprocessing = 0;
		};
/* End PBXResourcesBuildPhase section */

/* Begin PBXSourcesBuildPhase section */
		429DA195193630F90076A039 /* Sources */ = {
			isa = PBXSourcesBuildPhase;
			buildActionMask = 2147483647;
			files = (
				429DA1B3193630F90076A039 /* ViewController.m in Sources */,
				429DA1AD193630F90076A039 /* AppDelegate.m in Sources */,
				429DA1A9193630F90076A039 /* main.m in Sources */,
			);
			runOnlyForDeploymentPostprocessing = 0;
		};
		429DA1B6193630F90076A039 /* Sources */ = {
			isa = PBXSourcesBuildPhase;
			buildActionMask = 2147483647;
			files = (
				429DA1C8193630F90076A039 /* testjenkinsTests.m in Sources */,
			);
			runOnlyForDeploymentPostprocessing = 0;
		};
/* End PBXSourcesBuildPhase section */

/* Begin PBXTargetDependency section */
		429DA1C0193630F90076A039 /* PBXTargetDependency */ = {
			isa = PBXTargetDependency;
			target = 429DA198193630F90076A039 /* testjenkins */;
			targetProxy = 429DA1BF193630F90076A039 /* PBXContainerItemProxy */;
		};
/* End PBXTargetDependency section */

/* Begin PBXVariantGroup section */
		429DA1A5193630F90076A039 /* InfoPlist.strings */ = {
			isa = PBXVariantGroup;
			children = (
				429DA1A6193630F90076A039 /* en */,
			);
			name = InfoPlist.strings;
			sourceTree = "<group>";
		};
		429DA1AE193630F90076A039 /* Main.storyboard */ = {
			isa = PBXVariantGroup;
			children = (
				429DA1AF193630F90076A039 /* Base */,
			);
			name = Main.storyboard;
			sourceTree = "<group>";
		};
		429DA1C4193630F90076A039 /* InfoPlist.strings */ = {
			isa = PBXVariantGroup;
			children = (
				429DA1C5193630F90076A039 /* en */,
			);
			name = InfoPlist.strings;
			sourceTree = "<group>";
		};
/* End PBXVariantGroup section */

/* Begin XCBuildConfiguration section */
		429DA1C9193630F90076A039 /* Debug */ = {
			isa = XCBuildConfiguration;
			buildSettings = {
				ALWAYS_SEARCH_USER_PATHS = NO;
				CLANG_CXX_LANGUAGE_STANDARD = "gnu++0x";
				CLANG_CXX_LIBRARY = "libc++";
				CLANG_ENABLE_MODULES = YES;
				CLANG_ENABLE_OBJC_ARC = YES;
				CLANG_WARN_BOOL_CONVERSION = YES;
				CLANG_WARN_CONSTANT_CONVERSION = YES;
				CLANG_WARN_DIRECT_OBJC_ISA_USAGE = YES_ERROR;
				CLANG_WARN_EMPTY_BODY = YES;
				CLANG_WARN_ENUM_CONVERSION = YES;
				CLANG_WARN_INT_CONVERSION = YES;
				CLANG_WARN_OBJC_ROOT_CLASS = YES_ERROR;
				CLANG_WARN__DUPLICATE_METHOD_MATCH = YES;
				"CODE_SIGN_IDENTITY[sdk=iphoneos*]" = "iPhone Developer";
				COPY_PHASE_STRIP = NO;
				GCC_C_LANGUAGE_STANDARD = gnu99;
				GCC_DYNAMIC_NO_PIC = NO;
				GCC_OPTIMIZATION_LEVEL = 0;
				GCC_PREPROCESSOR_DEFINITIONS = (
					"DEBUG=1",
					"$(inherited)",
				);
				GCC_SYMBOLS_PRIVATE_EXTERN = NO;
				GCC_WARN_64_TO_32_BIT_CONVERSION = YES;
				GCC_WARN_ABOUT_RETURN_TYPE = YES_ERROR;
				GCC_WARN_UNDECLARED_SELECTOR = YES;
				GCC_WARN_UNINITIALIZED_AUTOS = YES_AGGRESSIVE;
				GCC_WARN_UNUSED_FUNCTION = YES;
				GCC_WARN_UNUSED_VARIABLE = YES;
				IPHONEOS_DEPLOYMENT_TARGET = 7.1;
				ONLY_ACTIVE_ARCH = YES;
				SDKROOT = iphoneos;
			};
			name = Debug;
		};
		429DA1CA193630F90076A039 /* Release */ = {
			isa = XCBuildConfiguration;
			buildSettings = {
				ALWAYS_SEARCH_USER_PATHS = NO;
				CLANG_CXX_LANGUAGE_STANDARD = "gnu++0x";
				CLANG_CXX_LIBRARY = "libc++";
				CLANG_ENABLE_MODULES = YES;
				CLANG_ENABLE_OBJC_ARC = YES;
				CLANG_WARN_BOOL_CONVERSION = YES;
				CLANG_WARN_CONSTANT_CONVERSION = YES;
				CLANG_WARN_DIRECT_OBJC_ISA_USAGE = YES_ERROR;
				CLANG_WARN_EMPTY_BODY = YES;
				CLANG_WARN_ENUM_CONVERSION = YES;
				CLANG_WARN_INT_CONVERSION = YES;
				CLANG_WARN_OBJC_ROOT_CLASS = YES_ERROR;
				CLANG_WARN__DUPLICATE_METHOD_MATCH = YES;
				"CODE_SIGN_IDENTITY[sdk=iphoneos*]" = "iPhone Developer";
				COPY_PHASE_STRIP = YES;
				ENABLE_NS_ASSERTIONS = NO;
				GCC_C_LANGUAGE_STANDARD = gnu99;
				GCC_WARN_64_TO_32_BIT_CONVERSION = YES;
				GCC_WARN_ABOUT_RETURN_TYPE = YES_ERROR;
				GCC_WARN_UNDECLARED_SELECTOR = YES;
				GCC_WARN_UNINITIALIZED_AUTOS = YES_AGGRESSIVE;
				GCC_WARN_UNUSED_FUNCTION = YES;
				GCC_WARN_UNUSED_VARIABLE = YES;
				IPHONEOS_DEPLOYMENT_TARGET = 7.1;
				SDKROOT = iphoneos;
				VALIDATE_PRODUCT = YES;
			};
			name = Release;
		};
		429DA1CC193630F90076A039 /* Debug */ = {
			isa = XCBuildConfiguration;
			buildSettings = {
				ASSETCATALOG_COMPILER_APPICON_NAME = AppIcon;
				ASSETCATALOG_COMPILER_LAUNCHIMAGE_NAME = LaunchImage;
				GCC_PRECOMPILE_PREFIX_HEADER = YES;
				GCC_PREFIX_HEADER = "testjenkins/testjenkins-Prefix.pch";
				INFOPLIST_FILE = "testjenkins/testjenkins-Info.plist";
				PRODUCT_NAME = "$(TARGET_NAME)";
				WRAPPER_EXTENSION = app;
			};
			name = Debug;
		};
		429DA1CD193630F90076A039 /* Release */ = {
			isa = XCBuildConfiguration;
			buildSettings = {
				ASSETCATALOG_COMPILER_APPICON_NAME = AppIcon;
				ASSETCATALOG_COMPILER_LAUNCHIMAGE_NAME = LaunchImage;
				GCC_PRECOMPILE_PREFIX_HEADER = YES;
				GCC_PREFIX_HEADER = "testjenkins/testjenkins-Prefix.pch";
				INFOPLIST_FILE = "testjenkins/testjenkins-Info.plist";
				PRODUCT_NAME = "$(TARGET_NAME)";
				WRAPPER_EXTENSION = app;
			};
			name = Release;
		};
		429DA1CF193630F90076A039 /* Debug */ = {
			isa = XCBuildConfiguration;
			buildSettings = {
				BUNDLE_LOADER = "$(BUILT_PRODUCTS_DIR)/testjenkins.app/testjenkins";
				FRAMEWORK_SEARCH_PATHS = (
					"$(SDKROOT)/Developer/Library/Frameworks",
					"$(inherited)",
					"$(DEVELOPER_FRAMEWORKS_DIR)",
				);
				GCC_PRECOMPILE_PREFIX_HEADER = YES;
				GCC_PREFIX_HEADER = "testjenkins/testjenkins-Prefix.pch";
				GCC_PREPROCESSOR_DEFINITIONS = (
					"DEBUG=1",
					"$(inherited)",
				);
				INFOPLIST_FILE = "testjenkinsTests/testjenkinsTests-Info.plist";
				PRODUCT_NAME = "$(TARGET_NAME)";
				TEST_HOST = "$(BUNDLE_LOADER)";
				WRAPPER_EXTENSION = xctest;
			};
			name = Debug;
		};
		429DA1D0193630F90076A039 /* Release */ = {
			isa = XCBuildConfiguration;
			buildSettings = {
				BUNDLE_LOADER = "$(BUILT_PRODUCTS_DIR)/testjenkins.app/testjenkins";
				FRAMEWORK_SEARCH_PATHS = (
					"$(SDKROOT)/Developer/Library/Frameworks",
					"$(inherited)",
					"$(DEVELOPER_FRAMEWORKS_DIR)",
				);
				GCC_PRECOMPILE_PREFIX_HEADER = YES;
				GCC_PREFIX_HEADER = "testjenkins/testjenkins-Prefix.pch";
				INFOPLIST_FILE = "testjenkinsTests/testjenkinsTests-Info.plist";
				PRODUCT_NAME = "$(TARGET_NAME)";
				TEST_HOST = "$(BUNDLE_LOADER)";
				WRAPPER_EXTENSION = xctest;
			};
			name = Release;
		};
/* End XCBuildConfiguration section */

/* Begin XCConfigurationList section */
		429DA194193630F90076A039 /* Build configuration list for PBXProject "testjenkins" */ = {
			isa = XCConfigurationList;
			buildConfigurations = (
				429DA1C9193630F90076A039 /* Debug */,
				429DA1CA193630F90076A039 /* Release */,
			);
			defaultConfigurationIsVisible = 0;
			defaultConfigurationName = Release;
		};
		429DA1CB193630F90076A039 /* Build configuration list for PBXNativeTarget "testjenkins" */ = {
			isa = XCConfigurationList;
			buildConfigurations = (
				429DA1CC193630F90076A039 /* Debug */,
				429DA1CD193630F90076A039 /* Release */,
			);
			defaultConfigurationIsVisible = 0;
		};
		429DA1CE193630F90076A039 /* Build configuration list for PBXNativeTarget "testjenkinsTests" */ = {
			isa = XCConfigurationList;
			buildConfigurations = (
				429DA1CF193630F90076A039 /* Debug */,
				429DA1D0193630F90076A039 /* Release */,
			);
			defaultConfigurationIsVisible = 0;
		};
/* End XCConfigurationList section */
	};
	rootObject = 429DA191193630F90076A039 /* Project object */;
}
